
Microsoft Visual Studio Solution File, Format Version 12.00
# Visual Studio Version 17
VisualStudioVersion = 17.8.34330.188
MinimumVisualStudioVersion = 10.0.40219.1
Project("{FAE04EC0-301F-11D3-BF4B-00C04F79EFBC}") = "NetXmlApp", "NetXmlApp\NetXmlApp.csproj", "{A238D94A-9B08-49F3-B5BC-A25DCC83418A}"
EndProject
Global
	GlobalSection(SolutionConfigurationPlatforms) = preSolution
		Debug|Any CPU = Debug|Any CPU
		Release|Any CPU = Release|Any CPU
	EndGlobalSection
	GlobalSection(ProjectConfigurationPlatforms) = postSolution
		{A238D94A-9B08-49F3-B5BC-A25DCC83418A}.Debug|Any CPU.ActiveCfg = Debug|Any CPU
		{A238D94A-9B08-49F3-B5BC-A25DCC83418A}.Debug|Any CPU.Build.0 = Debug|Any CPU
		{A238D94A-9B08-49F3-B5BC-A25DCC83418A}.Release|Any CPU.ActiveCfg = Release|Any CPU
		{A238D94A-9B08-49F3-B5BC-A25DCC83418A}.Release|Any CPU.Build.0 = Release|Any CPU
	EndGlobalSection
	GlobalSection(SolutionProperties) = preSolution
		HideSolutionNode = FALSE
	EndGlobalSection
	GlobalSection(ExtensibilityGlobals) = postSolution
		SolutionGuid = {8649A1CD-1164-4B26-B8DF-0C6AF89F5C9A}
	EndGlobalSection
EndGlobal
